// !$*UTF8*$!
{
	archiveVersion = 1;
	classes = {
	};
	objectVersion = 50;
	objects = {

/* Begin PBXBuildFile section */
		0FB7568024F88EC40023140C /* AppDelegate.m in Sources */ = {isa = PBXBuildFile; fileRef = 0FB7567F24F88EC40023140C /* AppDelegate.m */; };
		0FB7568324F88EC40023140C /* SceneDelegate.m in Sources */ = {isa = PBXBuildFile; fileRef = 0FB7568224F88EC40023140C /* SceneDelegate.m */; };
		0FB7568624F88EC40023140C /* ViewController.m in Sources */ = {isa = PBXBuildFile; fileRef = 0FB7568524F88EC40023140C /* ViewController.m */; };
		0FB7568924F88EC40023140C /* Main.storyboard in Resources */ = {isa = PBXBuildFile; fileRef = 0FB7568724F88EC40023140C /* Main.storyboard */; };
		0FB7568B24F88ECB0023140C /* Assets.xcassets in Resources */ = {isa = PBXBuildFile; fileRef = 0FB7568A24F88ECB0023140C /* Assets.xcassets */; };
		0FB7568E24F88ECB0023140C /* LaunchScreen.storyboard in Resources */ = {isa = PBXBuildFile; fileRef = 0FB7568C24F88ECB0023140C /* LaunchScreen.storyboard */; };
		0FB7569124F88ECB0023140C /* main.m in Sources */ = {isa = PBXBuildFile; fileRef = 0FB7569024F88ECB0023140C /* main.m */; };
/* End PBXBuildFile section */

/* Begin PBXFileReference section */
		0FB7567B24F88EC40023140C /* MetalCamera.app */ = {isa = PBXFileReference; explicitFileType = wrapper.application; includeInIndex = 0; path = MetalCamera.app; sourceTree = BUILT_PRODUCTS_DIR; };
		0FB7567E24F88EC40023140C /* AppDelegate.h */ = {isa = PBXFileReference; lastKnownFileType = sourcecode.c.h; path = AppDelegate.h; sourceTree = "<group>"; };
		0FB7567F24F88EC40023140C /* AppDelegate.m */ = {isa = PBXFileReference; lastKnownFileType = sourcecode.c.objc; path = AppDelegate.m; sourceTree = "<group>"; };
		0FB7568124F88EC40023140C /* SceneDelegate.h */ = {isa = PBXFileReference; lastKnownFileType = sourcecode.c.h; path = SceneDelegate.h; sourceTree = "<group>"; };
		0FB7568224F88EC40023140C /* SceneDelegate.m */ = {isa = PBXFileReference; lastKnownFileType = sourcecode.c.objc; path = SceneDelegate.m; sourceTree = "<group>"; };
		0FB7568424F88EC40023140C /* ViewController.h */ = {isa = PBXFileReference; lastKnownFileType = sourcecode.c.h; path = ViewController.h; sourceTree = "<group>"; };
		0FB7568524F88EC40023140C /* ViewController.m */ = {isa = PBXFileReference; lastKnownFileType = sourcecode.c.objc; path = ViewController.m; sourceTree = "<group>"; };
		0FB7568824F88EC40023140C /* Base */ = {isa = PBXFileReference; lastKnownFileType = file.storyboard; name = Base; path = Base.lproj/Main.storyboard; sourceTree = "<group>"; };
		0FB7568A24F88ECB0023140C /* Assets.xcassets */ = {isa = PBXFileReference; lastKnownFileType = folder.assetcatalog; path = Assets.xcassets; sourceTree = "<group>"; };
		0FB7568D24F88ECB0023140C /* Base */ = {isa = PBXFileReference; lastKnownFileType = file.storyboard; name = Base; path = Base.lproj/LaunchScreen.storyboard; sourceTree = "<group>"; };
		0FB7568F24F88ECB0023140C /* Info.plist */ = {isa = PBXFileReference; lastKnownFileType = text.plist.xml; path = Info.plist; sourceTree = "<group>"; };
		0FB7569024F88ECB0023140C /* main.m */ = {isa = PBXFileReference; lastKnownFileType = sourcecode.c.objc; path = main.m; sourceTree = "<group>"; };
/* End PBXFileReference section */

/* Begin PBXFrameworksBuildPhase section */
		0FB7567824F88EC40023140C /* Frameworks */ = {
			isa = PBXFrameworksBuildPhase;
			buildActionMask = 2147483647;
			files = (
			);
			runOnlyForDeploymentPostprocessing = 0;
		};
/* End PBXFrameworksBuildPhase section */

/* Begin PBXGroup section */
		0FB7567224F88EC40023140C = {
			isa = PBXGroup;
			children = (
				0FB7567D24F88EC40023140C /* MetalCamera */,
				0FB7567C24F88EC40023140C /* Products */,
			);
			sourceTree = "<group>";
		};
		0FB7567C24F88EC40023140C /* Products */ = {
			isa = PBXGroup;
			children = (
				0FB7567B24F88EC40023140C /* MetalCamera.app */,
			);
			name = Products;
			sourceTree = "<group>";
		};
		0FB7567D24F88EC40023140C /* MetalCamera */ = {
			isa = PBXGroup;
			children = (
				0FB7567E24F88EC40023140C /* AppDelegate.h */,
				0FB7567F24F88EC40023140C /* AppDelegate.m */,
				0FB7568124F88EC40023140C /* SceneDelegate.h */,
				0FB7568224F88EC40023140C /* SceneDelegate.m */,
				0FB7568424F88EC40023140C /* ViewController.h */,
				0FB7568524F88EC40023140C /* ViewController.m */,
				0FB7568724F88EC40023140C /* Main.storyboard */,
				0FB7568A24F88ECB0023140C /* Assets.xcassets */,
				0FB7568C24F88ECB0023140C /* LaunchScreen.storyboard */,
				0FB7568F24F88ECB0023140C /* Info.plist */,
				0FB7569024F88ECB0023140C /* main.m */,
			);
			path = MetalCamera;
			sourceTree = "<group>";
		};
/* End PBXGroup section */

/* Begin PBXNativeTarget section */
		0FB7567A24F88EC40023140C /* MetalCamera */ = {
			isa = PBXNativeTarget;
			buildConfigurationList = 0FB7569424F88ECB0023140C /* Build configuration list for PBXNativeTarget "MetalCamera" */;
			buildPhases = (
				0FB7567724F88EC40023140C /* Sources */,
				0FB7567824F88EC40023140C /* Frameworks */,
				0FB7567924F88EC40023140C /* Resources */,
			);
			buildRules = (
			);
			dependencies = (
			);
			name = MetalCamera;
			productName = MetalCamera;
			productReference = 0FB7567B24F88EC40023140C /* MetalCamera.app */;
			productType = "com.apple.product-type.application";
		};
/* End PBXNativeTarget section */

/* Begin PBXProject section */
		0FB7567324F88EC40023140C /* Project object */ = {
			isa = PBXProject;
			attributes = {
				LastUpgradeCheck = 1160;
				ORGANIZATIONNAME = MacW;
				TargetAttributes = {
					0FB7567A24F88EC40023140C = {
						CreatedOnToolsVersion = 11.6;
					};
				};
			};
			buildConfigurationList = 0FB7567624F88EC40023140C /* Build configuration list for PBXProject "MetalCamera" */;
			compatibilityVersion = "Xcode 9.3";
			developmentRegion = en;
			hasScannedForEncodings = 0;
			knownRegions = (
				en,
				Base,
			);
			mainGroup = 0FB7567224F88EC40023140C;
			productRefGroup = 0FB7567C24F88EC40023140C /* Products */;
			projectDirPath = "";
			projectRoot = "";
			targets = (
				0FB7567A24F88EC40023140C /* MetalCamera */,
			);
		};
/* End PBXProject section */

/* Begin PBXResourcesBuildPhase section */
		0FB7567924F88EC40023140C /* Resources */ = {
			isa = PBXResourcesBuildPhase;
			buildActionMask = 2147483647;
			files = (
				0FB7568E24F88ECB0023140C /* LaunchScreen.storyboard in Resources */,
				0FB7568B24F88ECB0023140C /* Assets.xcassets in Resources */,
				0FB7568924F88EC40023140C /* Main.storyboard in Resources */,
			);
			runOnlyForDeploymentPostprocessing = 0;
		};
/* End PBXResourcesBuildPhase section */

/* Begin PBXSourcesBuildPhase section */
		0FB7567724F88EC40023140C /* Sources */ = {
			isa = PBXSourcesBuildPhase;
			buildActionMask = 2147483647;
			files = (
				0FB7568624F88EC40023140C /* ViewController.m in Sources */,
				0FB7568024F88EC40023140C /* AppDelegate.m in Sources */,
				0FB7569124F88ECB0023140C /* main.m in Sources */,
				0FB7568324F88EC40023140C /* SceneDelegate.m in Sources */,
			);
			runOnlyForDeploymentPostprocessing = 0;
		};
/* End PBXSourcesBuildPhase section */

/* Begin PBXVariantGroup section */
		0FB7568724F88EC40023140C /* Main.storyboard */ = {
			isa = PBXVariantGroup;
			children = (
				0FB7568824F88EC40023140C /* Base */,
			);
			name = Main.storyboard;
			sourceTree = "<group>";
		};
		0FB7568C24F88ECB0023140C /* LaunchScreen.storyboard */ = {
			isa = PBXVariantGroup;
			children = (
				0FB7568D24F88ECB0023140C /* Base */,
			);
			name = LaunchScreen.storyboard;
			sourceTree = "<group>";
		};
/* End PBXVariantGroup section */

/* Begin XCBuildConfiguration section */
		0FB7569224F88ECB0023140C /* Debug */ = {
			isa = XCBuildConfiguration;
			buildSettings = {
				ALWAYS_SEARCH_USER_PATHS = NO;
				CLANG_ANALYZER_NONNULL = YES;
				CLANG_ANALYZER_NUMBER_OBJECT_CONVERSION = YES_AGGRESSIVE;
				CLANG_CXX_LANGUAGE_STANDARD = "gnu++14";
				CLANG_CXX_LIBRARY = "libc++";
				CLANG_ENABLE_MODULES = YES;
				CLANG_ENABLE_OBJC_ARC = YES;
				CLANG_ENABLE_OBJC_WEAK = YES;
				CLANG_WARN_BLOCK_CAPTURE_AUTORELEASING = YES;
				CLANG_WARN_BOOL_CONVERSION = YES;
				CLANG_WARN_COMMA = YES;
				CLANG_WARN_CONSTANT_CONVERSION = YES;
				CLANG_WARN_DEPRECATED_OBJC_IMPLEMENTATIONS = YES;
				CLANG_WARN_DIRECT_OBJC_ISA_USAGE = YES_ERROR;
				CLANG_WARN_DOCUMENTATION_COMMENTS = YES;
				CLANG_WARN_EMPTY_BODY = YES;
				CLANG_WARN_ENUM_CONVERSION = YES;
				CLANG_WARN_INFINITE_RECURSION = YES;
				CLANG_WARN_INT_CONVERSION = YES;
				CLANG_WARN_NON_LITERAL_NULL_CONVERSION = YES;
				CLANG_WARN_OBJC_IMPLICIT_RETAIN_SELF = YES;
				CLANG_WARN_OBJC_LITERAL_CONVERSION = YES;
				CLANG_WARN_OBJC_ROOT_CLASS = YES_ERROR;
				CLANG_WARN_RANGE_LOOP_ANALYSIS = YES;
				CLANG_WARN_STRICT_PROTOTYPES = YES;
				CLANG_WARN_SUSPICIOUS_MOVE = YES;
				CLANG_WARN_UNGUARDED_AVAILABILITY = YES_AGGRESSIVE;
				CLANG_WARN_UNREACHABLE_CODE = YES;
				CLANG_WARN__DUPLICATE_METHOD_MATCH = YES;
				COPY_PHASE_STRIP = NO;
				DEBUG_INFORMATION_FORMAT = dwarf;
				ENABLE_STRICT_OBJC_MSGSEND = YES;
				ENABLE_TESTABILITY = YES;
				GCC_C_LANGUAGE_STANDARD = gnu11;
				GCC_DYNAMIC_NO_PIC = NO;
				GCC_NO_COMMON_BLOCKS = YES;
				GCC_OPTIMIZATION_LEVEL = 0;
				GCC_PREPROCESSOR_DEFINITIONS = (
					"DEBUG=1",
					"$(inherited)",
				);
				GCC_WARN_64_TO_32_BIT_CONVERSION = YES;
				GCC_WARN_ABOUT_RETURN_TYPE = YES_ERROR;
				GCC_WARN_UNDECLARED_SELECTOR = YES;
				GCC_WARN_UNINITIALIZED_AUTOS = YES_AGGRESSIVE;
				GCC_WARN_UNUSED_FUNCTION = YES;
				GCC_WARN_UNUSED_VARIABLE = YES;
				IPHONEOS_DEPLOYMENT_TARGET = 13.6;
				MTL_ENABLE_DEBUG_INFO = INCLUDE_SOURCE;
				MTL_FAST_MATH = YES;
				ONLY_ACTIVE_ARCH = YES;
				SDKROOT = iphoneos;
			};
			name = Debug;
		};
		0FB7569324F88ECB0023140C /* Release */ = {
			isa = XCBuildConfiguration;
			buildSettings = {
				ALWAYS_SEARCH_USER_PATHS = NO;
				CLANG_ANALYZER_NONNULL = YES;
				CLANG_ANALYZER_NUMBER_OBJECT_CONVERSION = YES_AGGRESSIVE;
				CLANG_CXX_LANGUAGE_STANDARD = "gnu++14";
				CLANG_CXX_LIBRARY = "libc++";
				CLANG_ENABLE_MODULES = YES;
				CLANG_ENABLE_OBJC_ARC = YES;
				CLANG_ENABLE_OBJC_WEAK = YES;
				CLANG_WARN_BLOCK_CAPTURE_AUTORELEASING = YES;
				CLANG_WARN_BOOL_CONVERSION = YES;
				CLANG_WARN_COMMA = YES;
				CLANG_WARN_CONSTANT_CONVERSION = YES;
				CLANG_WARN_DEPRECATED_OBJC_IMPLEMENTATIONS = YES;
				CLANG_WARN_DIRECT_OBJC_ISA_USAGE = YES_ERROR;
				CLANG_WARN_DOCUMENTATION_COMMENTS = YES;
				CLANG_WARN_EMPTY_BODY = YES;
				CLANG_WARN_ENUM_CONVERSION = YES;
				CLANG_WARN_INFINITE_RECURSION = YES;
				CLANG_WARN_INT_CONVERSION = YES;
				CLANG_WARN_NON_LITERAL_NULL_CONVERSION = YES;
				CLANG_WARN_OBJC_IMPLICIT_RETAIN_SELF = YES;
				CLANG_WARN_OBJC_LITERAL_CONVERSION = YES;
				CLANG_WARN_OBJC_ROOT_CLASS = YES_ERROR;
				CLANG_WARN_RANGE_LOOP_ANALYSIS = YES;
				CLANG_WARN_STRICT_PROTOTYPES = YES;
				CLANG_WARN_SUSPICIOUS_MOVE = YES;
				CLANG_WARN_UNGUARDED_AVAILABILITY = YES_AGGRESSIVE;
				CLANG_WARN_UNREACHABLE_CODE = YES;
				CLANG_WARN__DUPLICATE_METHOD_MATCH = YES;
				COPY_PHASE_STRIP = NO;
				DEBUG_INFORMATION_FORMAT = "dwarf-with-dsym";
				ENABLE_NS_ASSERTIONS = NO;
				ENABLE_STRICT_OBJC_MSGSEND = YES;
				GCC_C_LANGUAGE_STANDARD = gnu11;
				GCC_NO_COMMON_BLOCKS = YES;
				GCC_WARN_64_TO_32_BIT_CONVERSION = YES;
				GCC_WARN_ABOUT_RETURN_TYPE = YES_ERROR;
				GCC_WARN_UNDECLARED_SELECTOR = YES;
				GCC_WARN_UNINITIALIZED_AUTOS = YES_AGGRESSIVE;
				GCC_WARN_UNUSED_FUNCTION = YES;
				GCC_WARN_UNUSED_VARIABLE = YES;
				IPHONEOS_DEPLOYMENT_TARGET = 13.6;
				MTL_ENABLE_DEBUG_INFO = NO;
				MTL_FAST_MATH = YES;
				SDKROOT = iphoneos;
				VALIDATE_PRODUCT = YES;
			};
			name = Release;
		};
		0FB7569524F88ECB0023140C /* Debug */ = {
			isa = XCBuildConfiguration;
			buildSettings = {
				ASSETCATALOG_COMPILER_APPICON_NAME = AppIcon;
				CODE_SIGN_IDENTITY = "iPhone Developer";
				CODE_SIGN_STYLE = Manual;
				DEVELOPMENT_TEAM = 4URW8PS6WP;
				INFOPLIST_FILE = MetalCamera/Info.plist;
				LD_RUNPATH_SEARCH_PATHS = (
					"$(inherited)",
					"@executable_path/Frameworks",
				);
				PRODUCT_BUNDLE_IDENTIFIER = com.chinaums.12345.MetalCamera;
				PRODUCT_NAME = "$(TARGET_NAME)";
				PROVISIONING_PROFILE_SPECIFIER = DevelopNormal;
				TARGETED_DEVICE_FAMILY = "1,2";
			};
			name = Debug;
		};
		0FB7569624F88ECB0023140C /* Release */ = {
			isa = XCBuildConfiguration;
			buildSettings = {
				ASSETCATALOG_COMPILER_APPICON_NAME = AppIcon;
				CODE_SIGN_IDENTITY = "iPhone Developer";
				CODE_SIGN_STYLE = Manual;
				DEVELOPMENT_TEAM = 4URW8PS6WP;
				INFOPLIST_FILE = MetalCamera/Info.plist;
				LD_RUNPATH_SEARCH_PATHS = (
					"$(inherited)",
					"@executable_path/Frameworks",
				);
				PRODUCT_BUNDLE_IDENTIFIER = com.chinaums.12345.MetalCamera;
				PRODUCT_NAME = "$(TARGET_NAME)";
				PROVISIONING_PROFILE_SPECIFIER = DevelopNormal;
				TARGETED_DEVICE_FAMILY = "1,2";
			};
			name = Release;
		};
/* End XCBuildConfiguration section */

/* Begin XCConfigurationList section */
		0FB7567624F88EC40023140C /* Build configuration list for PBXProject "MetalCamera" */ = {
			isa = XCConfigurationList;
			buildConfigurations = (
				0FB7569224F88ECB0023140C /* Debug */,
				0FB7569324F88ECB0023140C /* Release */,
			);
			defaultConfigurationIsVisible = 0;
			defaultConfigurationName = Release;
		};
		0FB7569424F88ECB0023140C /* Build configuration list for PBXNativeTarget "MetalCamera" */ = {
			isa = XCConfigurationList;
			buildConfigurations = (
				0FB7569524F88ECB0023140C /* Debug */,
				0FB7569624F88ECB0023140C /* Release */,
			);
			defaultConfigurationIsVisible = 0;
			defaultConfigurationName = Release;
		};
/* End XCConfigurationList section */
	};
	rootObject = 0FB7567324F88EC40023140C /* Project object */;
}
